
Microsoft Visual Studio Solution File, Format Version 12.00
# Visual Studio Version 16
VisualStudioVersion = 16.0.31624.102
MinimumVisualStudioVersion = 10.0.40219.1
Project("{FAE04EC0-301F-11D3-BF4B-00C04F79EFBC}") = "Garaget", "Garaget.csproj", "{43BA3576-4079-4C0A-846B-1E922926753B}"
EndProject
Global
	GlobalSection(SolutionConfigurationPlatforms) = preSolution
		Debug|Any CPU = Debug|Any CPU
		Release|Any CPU = Release|Any CPU
	EndGlobalSection
	GlobalSection(ProjectConfigurationPlatforms) = postSolution
		{43BA3576-4079-4C0A-846B-1E922926753B}.Debug|Any CPU.ActiveCfg = Debug|Any CPU
		{43BA3576-4079-4C0A-846B-1E922926753B}.Debug|Any CPU.Build.0 = Debug|Any CPU
		{43BA3576-4079-4C0A-846B-1E922926753B}.Release|Any CPU.ActiveCfg = Release|Any CPU
		{43BA3576-4079-4C0A-846B-1E922926753B}.Release|Any CPU.Build.0 = Release|Any CPU
	EndGlobalSection
	GlobalSection(SolutionProperties) = preSolution
		HideSolutionNode = FALSE
	EndGlobalSection
	GlobalSection(ExtensibilityGlobals) = postSolution
		SolutionGuid = {CE2211B2-79DA-4A93-8330-02017B366FCC}
	EndGlobalSection
EndGlobal
